// !$*UTF8*$!
{
	archiveVersion = 1;
	classes = {
	};
	objectVersion = 56;
	objects = {

/* Begin PBXBuildFile section */
		A10001 /* ThreadGPTApp.swift in Sources */ = {isa = PBXBuildFile; fileRef = B10001 /* ThreadGPTApp.swift */; };
		A10002 /* RootView.swift in Sources */ = {isa = PBXBuildFile; fileRef = B10002 /* RootView.swift */; };
		A10003 /* LoginView.swift in Sources */ = {isa = PBXBuildFile; fileRef = B10003 /* LoginView.swift */; };
		A10004 /* ChatView.swift in Sources */ = {isa = PBXBuildFile; fileRef = B10004 /* ChatView.swift */; };
		A10005 /* ConversationListView.swift in Sources */ = {isa = PBXBuildFile; fileRef = B10005 /* ConversationListView.swift */; };
		A10006 /* ThreadView.swift in Sources */ = {isa = PBXBuildFile; fileRef = B10006 /* ThreadView.swift */; };
		A10007 /* SettingsView.swift in Sources */ = {isa = PBXBuildFile; fileRef = B10007 /* SettingsView.swift */; };
		A10008 /* MessageBubbleView.swift in Sources */ = {isa = PBXBuildFile; fileRef = B10008 /* MessageBubbleView.swift */; };
		A10009 /* MessageListView.swift in Sources */ = {isa = PBXBuildFile; fileRef = B10009 /* MessageListView.swift */; };
		A10010 /* ComposerView.swift in Sources */ = {isa = PBXBuildFile; fileRef = B10010 /* ComposerView.swift */; };
		A10011 /* LoadingDotsView.swift in Sources */ = {isa = PBXBuildFile; fileRef = B10011 /* LoadingDotsView.swift */; };
		A10012 /* Theme.swift in Sources */ = {isa = PBXBuildFile; fileRef = B10012 /* Theme.swift */; };
		A10013 /* RootViewModel.swift in Sources */ = {isa = PBXBuildFile; fileRef = B10013 /* RootViewModel.swift */; };
		A10014 /* LoginViewModel.swift in Sources */ = {isa = PBXBuildFile; fileRef = B10014 /* LoginViewModel.swift */; };
		A10015 /* ChatViewModel.swift in Sources */ = {isa = PBXBuildFile; fileRef = B10015 /* ChatViewModel.swift */; };
		A10016 /* ConversationListViewModel.swift in Sources */ = {isa = PBXBuildFile; fileRef = B10016 /* ConversationListViewModel.swift */; };
		A10017 /* ThreadViewModel.swift in Sources */ = {isa = PBXBuildFile; fileRef = B10017 /* ThreadViewModel.swift */; };
		A10018 /* SettingsViewModel.swift in Sources */ = {isa = PBXBuildFile; fileRef = B10018 /* SettingsViewModel.swift */; };
		A10019 /* Models.swift in Sources */ = {isa = PBXBuildFile; fileRef = B10019 /* Models.swift */; };
		A10020 /* AppError.swift in Sources */ = {isa = PBXBuildFile; fileRef = B10020 /* AppError.swift */; };
		A10021 /* Protocols.swift in Sources */ = {isa = PBXBuildFile; fileRef = B10021 /* Protocols.swift */; };
		A10022 /* APIClient.swift in Sources */ = {isa = PBXBuildFile; fileRef = B10022 /* APIClient.swift */; };
		A10023 /* TokenStore.swift in Sources */ = {isa = PBXBuildFile; fileRef = B10023 /* TokenStore.swift */; };
		A10024 /* RemoteAuthRepository.swift in Sources */ = {isa = PBXBuildFile; fileRef = B10024 /* RemoteAuthRepository.swift */; };
		A10025 /* RemoteSessionRepository.swift in Sources */ = {isa = PBXBuildFile; fileRef = B10025 /* RemoteSessionRepository.swift */; };
		A10026 /* RemoteChatRepository.swift in Sources */ = {isa = PBXBuildFile; fileRef = B10026 /* RemoteChatRepository.swift */; };
		A10027 /* RemoteThreadRepository.swift in Sources */ = {isa = PBXBuildFile; fileRef = B10027 /* RemoteThreadRepository.swift */; };
		A10028 /* AppContainer.swift in Sources */ = {isa = PBXBuildFile; fileRef = B10028 /* AppContainer.swift */; };
		A10029 /* Assets.xcassets in Resources */ = {isa = PBXBuildFile; fileRef = B10029 /* Assets.xcassets */; };
/* End PBXBuildFile section */

/* Begin PBXFileReference section */
		B10001 /* ThreadGPTApp.swift */ = {isa = PBXFileReference; lastKnownFileType = sourcecode.swift; path = ThreadGPTApp.swift; sourceTree = "<group>"; };
		B10002 /* RootView.swift */ = {isa = PBXFileReference; lastKnownFileType = sourcecode.swift; path = RootView.swift; sourceTree = "<group>"; };
		B10003 /* LoginView.swift */ = {isa = PBXFileReference; lastKnownFileType = sourcecode.swift; path = LoginView.swift; sourceTree = "<group>"; };
		B10004 /* ChatView.swift */ = {isa = PBXFileReference; lastKnownFileType = sourcecode.swift; path = ChatView.swift; sourceTree = "<group>"; };
		B10005 /* ConversationListView.swift */ = {isa = PBXFileReference; lastKnownFileType = sourcecode.swift; path = ConversationListView.swift; sourceTree = "<group>"; };
		B10006 /* ThreadView.swift */ = {isa = PBXFileReference; lastKnownFileType = sourcecode.swift; path = ThreadView.swift; sourceTree = "<group>"; };
		B10007 /* SettingsView.swift */ = {isa = PBXFileReference; lastKnownFileType = sourcecode.swift; path = SettingsView.swift; sourceTree = "<group>"; };
		B10008 /* MessageBubbleView.swift */ = {isa = PBXFileReference; lastKnownFileType = sourcecode.swift; path = MessageBubbleView.swift; sourceTree = "<group>"; };
		B10009 /* MessageListView.swift */ = {isa = PBXFileReference; lastKnownFileType = sourcecode.swift; path = MessageListView.swift; sourceTree = "<group>"; };
		B10010 /* ComposerView.swift */ = {isa = PBXFileReference; lastKnownFileType = sourcecode.swift; path = ComposerView.swift; sourceTree = "<group>"; };
		B10011 /* LoadingDotsView.swift */ = {isa = PBXFileReference; lastKnownFileType = sourcecode.swift; path = LoadingDotsView.swift; sourceTree = "<group>"; };
		B10012 /* Theme.swift */ = {isa = PBXFileReference; lastKnownFileType = sourcecode.swift; path = Theme.swift; sourceTree = "<group>"; };
		B10013 /* RootViewModel.swift */ = {isa = PBXFileReference; lastKnownFileType = sourcecode.swift; path = RootViewModel.swift; sourceTree = "<group>"; };
		B10014 /* LoginViewModel.swift */ = {isa = PBXFileReference; lastKnownFileType = sourcecode.swift; path = LoginViewModel.swift; sourceTree = "<group>"; };
		B10015 /* ChatViewModel.swift */ = {isa = PBXFileReference; lastKnownFileType = sourcecode.swift; path = ChatViewModel.swift; sourceTree = "<group>"; };
		B10016 /* ConversationListViewModel.swift */ = {isa = PBXFileReference; lastKnownFileType = sourcecode.swift; path = ConversationListViewModel.swift; sourceTree = "<group>"; };
		B10017 /* ThreadViewModel.swift */ = {isa = PBXFileReference; lastKnownFileType = sourcecode.swift; path = ThreadViewModel.swift; sourceTree = "<group>"; };
		B10018 /* SettingsViewModel.swift */ = {isa = PBXFileReference; lastKnownFileType = sourcecode.swift; path = SettingsViewModel.swift; sourceTree = "<group>"; };
		B10019 /* Models.swift */ = {isa = PBXFileReference; lastKnownFileType = sourcecode.swift; path = Models.swift; sourceTree = "<group>"; };
		B10020 /* AppError.swift */ = {isa = PBXFileReference; lastKnownFileType = sourcecode.swift; path = AppError.swift; sourceTree = "<group>"; };
		B10021 /* Protocols.swift */ = {isa = PBXFileReference; lastKnownFileType = sourcecode.swift; path = Protocols.swift; sourceTree = "<group>"; };
		B10022 /* APIClient.swift */ = {isa = PBXFileReference; lastKnownFileType = sourcecode.swift; path = APIClient.swift; sourceTree = "<group>"; };
		B10023 /* TokenStore.swift */ = {isa = PBXFileReference; lastKnownFileType = sourcecode.swift; path = TokenStore.swift; sourceTree = "<group>"; };
		B10024 /* RemoteAuthRepository.swift */ = {isa = PBXFileReference; lastKnownFileType = sourcecode.swift; path = RemoteAuthRepository.swift; sourceTree = "<group>"; };
		B10025 /* RemoteSessionRepository.swift */ = {isa = PBXFileReference; lastKnownFileType = sourcecode.swift; path = RemoteSessionRepository.swift; sourceTree = "<group>"; };
		B10026 /* RemoteChatRepository.swift */ = {isa = PBXFileReference; lastKnownFileType = sourcecode.swift; path = RemoteChatRepository.swift; sourceTree = "<group>"; };
		B10027 /* RemoteThreadRepository.swift */ = {isa = PBXFileReference; lastKnownFileType = sourcecode.swift; path = RemoteThreadRepository.swift; sourceTree = "<group>"; };
		B10028 /* AppContainer.swift */ = {isa = PBXFileReference; lastKnownFileType = sourcecode.swift; path = AppContainer.swift; sourceTree = "<group>"; };
		B10029 /* Assets.xcassets */ = {isa = PBXFileReference; lastKnownFileType = folder.assetcatalog; path = Assets.xcassets; sourceTree = "<group>"; };
		C10001 /* ThreadGPTiOSV3.app */ = {isa = PBXFileReference; explicitFileType = wrapper.application; includeInIndex = 0; path = ThreadGPTiOSV3.app; sourceTree = BUILT_PRODUCTS_DIR; };
/* End PBXFileReference section */

/* Begin PBXFrameworksBuildPhase section */
		D10001 /* Frameworks */ = {
			isa = PBXFrameworksBuildPhase;
			buildActionMask = 2147483647;
			files = (
			);
			runOnlyForDeploymentPostprocessing = 0;
		};
/* End PBXFrameworksBuildPhase section */

/* Begin PBXGroup section */
		E10000 = {
			isa = PBXGroup;
			children = (
				E10001 /* ThreadGPTiOSV3 */,
				E10099 /* Products */,
			);
			sourceTree = "<group>";
		};
		E10001 /* ThreadGPTiOSV3 */ = {
			isa = PBXGroup;
			children = (
				E10002 /* App */,
				E10003 /* Domain */,
				E10004 /* Data */,
				E10005 /* Presentation */,
				B10029 /* Assets.xcassets */,
			);
			path = ThreadGPTiOSV3;
			sourceTree = "<group>";
		};
		E10002 /* App */ = {
			isa = PBXGroup;
			children = (
				B10001 /* ThreadGPTApp.swift */,
				B10028 /* AppContainer.swift */,
			);
			path = App;
			sourceTree = "<group>";
		};
		E10003 /* Domain */ = {
			isa = PBXGroup;
			children = (
				B10019 /* Models.swift */,
				B10020 /* AppError.swift */,
				B10021 /* Protocols.swift */,
			);
			path = Domain;
			sourceTree = "<group>";
		};
		E10004 /* Data */ = {
			isa = PBXGroup;
			children = (
				B10022 /* APIClient.swift */,
				B10023 /* TokenStore.swift */,
				B10024 /* RemoteAuthRepository.swift */,
				B10025 /* RemoteSessionRepository.swift */,
				B10026 /* RemoteChatRepository.swift */,
				B10027 /* RemoteThreadRepository.swift */,
			);
			path = Data;
			sourceTree = "<group>";
		};
		E10005 /* Presentation */ = {
			isa = PBXGroup;
			children = (
				E10006 /* Views */,
				E10007 /* ViewModels */,
				E10008 /* Components */,
				E10009 /* Theme */,
			);
			path = Presentation;
			sourceTree = "<group>";
		};
		E10006 /* Views */ = {
			isa = PBXGroup;
			children = (
				B10002 /* RootView.swift */,
				B10003 /* LoginView.swift */,
				B10004 /* ChatView.swift */,
				B10005 /* ConversationListView.swift */,
				B10006 /* ThreadView.swift */,
				B10007 /* SettingsView.swift */,
			);
			path = Views;
			sourceTree = "<group>";
		};
		E10007 /* ViewModels */ = {
			isa = PBXGroup;
			children = (
				B10013 /* RootViewModel.swift */,
				B10014 /* LoginViewModel.swift */,
				B10015 /* ChatViewModel.swift */,
				B10016 /* ConversationListViewModel.swift */,
				B10017 /* ThreadViewModel.swift */,
				B10018 /* SettingsViewModel.swift */,
			);
			path = ViewModels;
			sourceTree = "<group>";
		};
		E10008 /* Components */ = {
			isa = PBXGroup;
			children = (
				B10008 /* MessageBubbleView.swift */,
				B10009 /* MessageListView.swift */,
				B10010 /* ComposerView.swift */,
				B10011 /* LoadingDotsView.swift */,
			);
			path = Components;
			sourceTree = "<group>";
		};
		E10009 /* Theme */ = {
			isa = PBXGroup;
			children = (
				B10012 /* Theme.swift */,
			);
			path = Theme;
			sourceTree = "<group>";
		};
		E10099 /* Products */ = {
			isa = PBXGroup;
			children = (
				C10001 /* ThreadGPTiOSV3.app */,
			);
			name = Products;
			sourceTree = "<group>";
		};
/* End PBXGroup section */

/* Begin PBXNativeTarget section */
		F10001 /* ThreadGPTiOSV3 */ = {
			isa = PBXNativeTarget;
			buildConfigurationList = G10003 /* Build configuration list for PBXNativeTarget "ThreadGPTiOSV3" */;
			buildPhases = (
				F10002 /* Sources */,
				D10001 /* Frameworks */,
				F10003 /* Resources */,
			);
			buildRules = (
			);
			dependencies = (
			);
			name = ThreadGPTiOSV3;
			productName = ThreadGPTiOSV3;
			productReference = C10001 /* ThreadGPTiOSV3.app */;
			productType = "com.apple.product-type.application";
		};
/* End PBXNativeTarget section */

/* Begin PBXProject section */
		F10000 /* Project object */ = {
			isa = PBXProject;
			attributes = {
				BuildIndependentTargetsInParallel = 1;
				LastSwiftUpdateCheck = 1540;
				LastUpgradeCheck = 1540;
				TargetAttributes = {
					F10001 = {
						CreatedOnToolsVersion = 15.4;
					};
				};
			};
			buildConfigurationList = G10001 /* Build configuration list for PBXProject "ThreadGPTiOSV3" */;
			compatibilityVersion = "Xcode 14.0";
			developmentRegion = en;
			hasScannedForEncodings = 0;
			knownRegions = (
				en,
				Base,
			);
			mainGroup = E10000;
			productRefGroup = E10099 /* Products */;
			projectDirPath = "";
			projectRoot = "";
			targets = (
				F10001 /* ThreadGPTiOSV3 */,
			);
		};
/* End PBXProject section */

/* Begin PBXResourcesBuildPhase section */
		F10003 /* Resources */ = {
			isa = PBXResourcesBuildPhase;
			buildActionMask = 2147483647;
			files = (
				A10029 /* Assets.xcassets in Resources */,
			);
			runOnlyForDeploymentPostprocessing = 0;
		};
/* End PBXResourcesBuildPhase section */

/* Begin PBXSourcesBuildPhase section */
		F10002 /* Sources */ = {
			isa = PBXSourcesBuildPhase;
			buildActionMask = 2147483647;
			files = (
				A10001 /* ThreadGPTApp.swift in Sources */,
				A10002 /* RootView.swift in Sources */,
				A10003 /* LoginView.swift in Sources */,
				A10004 /* ChatView.swift in Sources */,
				A10005 /* ConversationListView.swift in Sources */,
				A10006 /* ThreadView.swift in Sources */,
				A10007 /* SettingsView.swift in Sources */,
				A10008 /* MessageBubbleView.swift in Sources */,
				A10009 /* MessageListView.swift in Sources */,
				A10010 /* ComposerView.swift in Sources */,
				A10011 /* LoadingDotsView.swift in Sources */,
				A10012 /* Theme.swift in Sources */,
				A10013 /* RootViewModel.swift in Sources */,
				A10014 /* LoginViewModel.swift in Sources */,
				A10015 /* ChatViewModel.swift in Sources */,
				A10016 /* ConversationListViewModel.swift in Sources */,
				A10017 /* ThreadViewModel.swift in Sources */,
				A10018 /* SettingsViewModel.swift in Sources */,
				A10019 /* Models.swift in Sources */,
				A10020 /* AppError.swift in Sources */,
				A10021 /* Protocols.swift in Sources */,
				A10022 /* APIClient.swift in Sources */,
				A10023 /* TokenStore.swift in Sources */,
				A10024 /* RemoteAuthRepository.swift in Sources */,
				A10025 /* RemoteSessionRepository.swift in Sources */,
				A10026 /* RemoteChatRepository.swift in Sources */,
				A10027 /* RemoteThreadRepository.swift in Sources */,
				A10028 /* AppContainer.swift in Sources */,
			);
			runOnlyForDeploymentPostprocessing = 0;
		};
/* End PBXSourcesBuildPhase section */

/* Begin XCBuildConfiguration section */
		H10001 /* Debug */ = {
			isa = XCBuildConfiguration;
			buildSettings = {
				ALWAYS_SEARCH_USER_PATHS = NO;
				ASSETCATALOG_COMPILER_GENERATE_SWIFT_ASSET_SYMBOL_EXTENSIONS = YES;
				CLANG_ANALYZER_NONNULL = YES;
				CLANG_ANALYZER_NUMBER_OBJECT_CONVERSION = YES_AGGRESSIVE;
				CLANG_CXX_LANGUAGE_STANDARD = "gnu++20";
				CLANG_ENABLE_MODULES = YES;
				CLANG_ENABLE_OBJC_ARC = YES;
				CLANG_ENABLE_OBJC_WEAK = YES;
				CLANG_WARN_BLOCK_CAPTURE_AUTORELEASING = YES;
				CLANG_WARN_BOOL_CONVERSION = YES;
				CLANG_WARN_COMMA = YES;
				CLANG_WARN_CONSTANT_CONVERSION = YES;
				CLANG_WARN_DEPRECATED_OBJC_IMPLEMENTATIONS = YES;
				CLANG_WARN_DIRECT_OBJC_ISA_USAGE = YES_ERROR;
				CLANG_WARN_DOCUMENTATION_COMMENTS = YES;
				CLANG_WARN_EMPTY_BODY = YES;
				CLANG_WARN_ENUM_CONVERSION = YES;
				CLANG_WARN_INFINITE_RECURSION = YES;
				CLANG_WARN_INT_CONVERSION = YES;
				CLANG_WARN_NON_LITERAL_NULL_CONVERSION = YES;
				CLANG_WARN_OBJC_IMPLICIT_RETAIN_SELF = YES;
				CLANG_WARN_OBJC_LITERAL_CONVERSION = YES;
				CLANG_WARN_OBJC_ROOT_CLASS = YES_ERROR;
				CLANG_WARN_QUOTED_INCLUDE_IN_FRAMEWORK_HEADER = YES;
				CLANG_WARN_RANGE_LOOP_ANALYSIS = YES;
				CLANG_WARN_STRICT_PROTOTYPES = YES;
				CLANG_WARN_SUSPICIOUS_MOVE = YES;
				CLANG_WARN_UNGUARDED_AVAILABILITY = YES_AGGRESSIVE;
				CLANG_WARN_UNREACHABLE_CODE = YES;
				CLANG_WARN__DUPLICATE_METHOD_MATCH = YES;
				COPY_PHASE_STRIP = NO;
				DEBUG_INFORMATION_FORMAT = dwarf;
				ENABLE_STRICT_OBJC_MSGSEND = YES;
				ENABLE_TESTABILITY = YES;
				ENABLE_USER_SCRIPT_SANDBOXING = YES;
				GCC_C_LANGUAGE_STANDARD = gnu17;
				GCC_DYNAMIC_NO_PIC = NO;
				GCC_NO_COMMON_BLOCKS = YES;
				GCC_OPTIMIZATION_LEVEL = 0;
				GCC_PREPROCESSOR_DEFINITIONS = (
					"DEBUG=1",
					"$(inherited)",
				);
				GCC_WARN_64_TO_32_BIT_CONVERSION = YES;
				GCC_WARN_ABOUT_RETURN_TYPE = YES_ERROR;
				GCC_WARN_UNDECLARED_SELECTOR = YES;
				GCC_WARN_UNINITIALIZED_AUTOS = YES_AGGRESSIVE;
				GCC_WARN_UNUSED_FUNCTION = YES;
				GCC_WARN_UNUSED_VARIABLE = YES;
				IPHONEOS_DEPLOYMENT_TARGET = 17.0;
				LOCALIZATION_PREFERS_STRING_CATALOGS = YES;
				MTL_ENABLE_DEBUG_INFO = INCLUDE_SOURCE;
				MTL_FAST_MATH = YES;
				ONLY_ACTIVE_ARCH = YES;
				SDKROOT = iphoneos;
				SWIFT_ACTIVE_COMPILATION_CONDITIONS = "DEBUG $(inherited)";
				SWIFT_OPTIMIZATION_LEVEL = "-Onone";
			};
			name = Debug;
		};
		H10002 /* Release */ = {
			isa = XCBuildConfiguration;
			buildSettings = {
				ALWAYS_SEARCH_USER_PATHS = NO;
				ASSETCATALOG_COMPILER_GENERATE_SWIFT_ASSET_SYMBOL_EXTENSIONS = YES;
				CLANG_ANALYZER_NONNULL = YES;
				CLANG_ANALYZER_NUMBER_OBJECT_CONVERSION = YES_AGGRESSIVE;
				CLANG_CXX_LANGUAGE_STANDARD = "gnu++20";
				CLANG_ENABLE_MODULES = YES;
				CLANG_ENABLE_OBJC_ARC = YES;
				CLANG_ENABLE_OBJC_WEAK = YES;
				CLANG_WARN_BLOCK_CAPTURE_AUTORELEASING = YES;
				CLANG_WARN_BOOL_CONVERSION = YES;
				CLANG_WARN_COMMA = YES;
				CLANG_WARN_CONSTANT_CONVERSION = YES;
				CLANG_WARN_DEPRECATED_OBJC_IMPLEMENTATIONS = YES;
				CLANG_WARN_DIRECT_OBJC_ISA_USAGE = YES_ERROR;
				CLANG_WARN_DOCUMENTATION_COMMENTS = YES;
				CLANG_WARN_EMPTY_BODY = YES;
				CLANG_WARN_ENUM_CONVERSION = YES;
				CLANG_WARN_INFINITE_RECURSION = YES;
				CLANG_WARN_INT_CONVERSION = YES;
				CLANG_WARN_NON_LITERAL_NULL_CONVERSION = YES;
				CLANG_WARN_OBJC_IMPLICIT_RETAIN_SELF = YES;
				CLANG_WARN_OBJC_LITERAL_CONVERSION = YES;
				CLANG_WARN_OBJC_ROOT_CLASS = YES_ERROR;
				CLANG_WARN_QUOTED_INCLUDE_IN_FRAMEWORK_HEADER = YES;
				CLANG_WARN_RANGE_LOOP_ANALYSIS = YES;
				CLANG_WARN_STRICT_PROTOTYPES = YES;
				CLANG_WARN_SUSPICIOUS_MOVE = YES;
				CLANG_WARN_UNGUARDED_AVAILABILITY = YES_AGGRESSIVE;
				CLANG_WARN_UNREACHABLE_CODE = YES;
				CLANG_WARN__DUPLICATE_METHOD_MATCH = YES;
				COPY_PHASE_STRIP = NO;
				DEBUG_INFORMATION_FORMAT = "dwarf-with-dsym";
				ENABLE_NS_ASSERTIONS = NO;
				ENABLE_STRICT_OBJC_MSGSEND = YES;
				ENABLE_USER_SCRIPT_SANDBOXING = YES;
				GCC_C_LANGUAGE_STANDARD = gnu17;
				GCC_NO_COMMON_BLOCKS = YES;
				GCC_WARN_64_TO_32_BIT_CONVERSION = YES;
				GCC_WARN_ABOUT_RETURN_TYPE = YES_ERROR;
				GCC_WARN_UNDECLARED_SELECTOR = YES;
				GCC_WARN_UNINITIALIZED_AUTOS = YES_AGGRESSIVE;
				GCC_WARN_UNUSED_FUNCTION = YES;
				GCC_WARN_UNUSED_VARIABLE = YES;
				IPHONEOS_DEPLOYMENT_TARGET = 17.0;
				LOCALIZATION_PREFERS_STRING_CATALOGS = YES;
				MTL_ENABLE_DEBUG_INFO = NO;
				MTL_FAST_MATH = YES;
				SDKROOT = iphoneos;
				SWIFT_COMPILATION_MODE = wholemodule;
				VALIDATE_PRODUCT = YES;
			};
			name = Release;
		};
		H10003 /* Debug */ = {
			isa = XCBuildConfiguration;
			buildSettings = {
				ASSETCATALOG_COMPILER_APPICON_NAME = AppIcon;
				ASSETCATALOG_COMPILER_GLOBAL_ACCENT_COLOR_NAME = AccentColor;
				CODE_SIGN_STYLE = Automatic;
				CURRENT_PROJECT_VERSION = 1;
				DEVELOPMENT_TEAM = 4GNLSZYMPM;
				GENERATE_INFOPLIST_FILE = YES;
				INFOPLIST_KEY_NSAppTransportSecurity_NSAllowsLocalNetworking = YES;
				INFOPLIST_KEY_UIApplicationSceneManifest_Generation = YES;
				INFOPLIST_KEY_UIApplicationSupportsIndirectInputEvents = YES;
				INFOPLIST_KEY_UILaunchScreen_Generation = YES;
				INFOPLIST_KEY_UISupportedInterfaceOrientations_iPad = "UIInterfaceOrientationPortrait UIInterfaceOrientationPortraitUpsideDown UIInterfaceOrientationLandscapeLeft UIInterfaceOrientationLandscapeRight";
				INFOPLIST_KEY_UISupportedInterfaceOrientations_iPhone = "UIInterfaceOrientationPortrait UIInterfaceOrientationLandscapeLeft UIInterfaceOrientationLandscapeRight";
				LD_RUNPATH_SEARCH_PATHS = (
					"$(inherited)",
					"@executable_path/Frameworks",
				);
				MARKETING_VERSION = 1.0;
				PRODUCT_BUNDLE_IDENTIFIER = com.threadgpt.ios.v3;
				PRODUCT_NAME = "$(TARGET_NAME)";
				SWIFT_EMIT_LOC_STRINGS = YES;
				SWIFT_VERSION = 5.0;
				TARGETED_DEVICE_FAMILY = "1,2";
			};
			name = Debug;
		};
		H10004 /* Release */ = {
			isa = XCBuildConfiguration;
			buildSettings = {
				ASSETCATALOG_COMPILER_APPICON_NAME = AppIcon;
				ASSETCATALOG_COMPILER_GLOBAL_ACCENT_COLOR_NAME = AccentColor;
				CODE_SIGN_STYLE = Automatic;
				CURRENT_PROJECT_VERSION = 1;
				DEVELOPMENT_TEAM = 4GNLSZYMPM;
				GENERATE_INFOPLIST_FILE = YES;
				INFOPLIST_KEY_NSAppTransportSecurity_NSAllowsLocalNetworking = YES;
				INFOPLIST_KEY_UIApplicationSceneManifest_Generation = YES;
				INFOPLIST_KEY_UIApplicationSupportsIndirectInputEvents = YES;
				INFOPLIST_KEY_UILaunchScreen_Generation = YES;
				INFOPLIST_KEY_UISupportedInterfaceOrientations_iPad = "UIInterfaceOrientationPortrait UIInterfaceOrientationPortraitUpsideDown UIInterfaceOrientationLandscapeLeft UIInterfaceOrientationLandscapeRight";
				INFOPLIST_KEY_UISupportedInterfaceOrientations_iPhone = "UIInterfaceOrientationPortrait UIInterfaceOrientationLandscapeLeft UIInterfaceOrientationLandscapeRight";
				LD_RUNPATH_SEARCH_PATHS = (
					"$(inherited)",
					"@executable_path/Frameworks",
				);
				MARKETING_VERSION = 1.0;
				PRODUCT_BUNDLE_IDENTIFIER = com.threadgpt.ios.v3;
				PRODUCT_NAME = "$(TARGET_NAME)";
				SWIFT_EMIT_LOC_STRINGS = YES;
				SWIFT_VERSION = 5.0;
				TARGETED_DEVICE_FAMILY = "1,2";
			};
			name = Release;
		};
/* End XCBuildConfiguration section */

/* Begin XCConfigurationList section */
		G10001 /* Build configuration list for PBXProject "ThreadGPTiOSV3" */ = {
			isa = XCConfigurationList;
			buildConfigurations = (
				H10001 /* Debug */,
				H10002 /* Release */,
			);
			defaultConfigurationIsVisible = 0;
			defaultConfigurationName = Release;
		};
		G10003 /* Build configuration list for PBXNativeTarget "ThreadGPTiOSV3" */ = {
			isa = XCConfigurationList;
			buildConfigurations = (
				H10003 /* Debug */,
				H10004 /* Release */,
			);
			defaultConfigurationIsVisible = 0;
			defaultConfigurationName = Release;
		};
/* End XCConfigurationList section */
	};
	rootObject = F10000 /* Project object */;
}
